
Microsoft Visual Studio Solution File, Format Version 12.00
Project("{FAE04EC0-301F-11D3-BF4B-00C04F79EFBC}") = "BinaryMessage", "BinaryMessage\BinaryMessage.csproj", "{9F54729C-CB77-47F1-81F8-377942939EA8}"
EndProject
Project("{FAE04EC0-301F-11D3-BF4B-00C04F79EFBC}") = "BinaryMessageTests", "BinaryMessageTests\BinaryMessageTests.csproj", "{A5CD966B-0E79-4389-AF65-018E766CA4F7}"
EndProject
Global
	GlobalSection(SolutionConfigurationPlatforms) = preSolution
		Debug|Any CPU = Debug|Any CPU
		Release|Any CPU = Release|Any CPU
	EndGlobalSection
	GlobalSection(ProjectConfigurationPlatforms) = postSolution
		{9F54729C-CB77-47F1-81F8-377942939EA8}.Debug|Any CPU.ActiveCfg = Debug|Any CPU
		{9F54729C-CB77-47F1-81F8-377942939EA8}.Debug|Any CPU.Build.0 = Debug|Any CPU
		{9F54729C-CB77-47F1-81F8-377942939EA8}.Release|Any CPU.ActiveCfg = Release|Any CPU
		{9F54729C-CB77-47F1-81F8-377942939EA8}.Release|Any CPU.Build.0 = Release|Any CPU
		{A5CD966B-0E79-4389-AF65-018E766CA4F7}.Debug|Any CPU.ActiveCfg = Debug|Any CPU
		{A5CD966B-0E79-4389-AF65-018E766CA4F7}.Debug|Any CPU.Build.0 = Debug|Any CPU
		{A5CD966B-0E79-4389-AF65-018E766CA4F7}.Release|Any CPU.ActiveCfg = Release|Any CPU
		{A5CD966B-0E79-4389-AF65-018E766CA4F7}.Release|Any CPU.Build.0 = Release|Any CPU
	EndGlobalSection
EndGlobal
